
Microsoft Visual Studio Solution File, Format Version 12.00
# Visual Studio Version 16
VisualStudioVersion = 16.0.33130.400
MinimumVisualStudioVersion = 10.0.40219.1
Project("{9A19103F-16F7-4668-BE54-9A1E7A4F7556}") = "TraversalCoreProje", "TraversalCoreProje\TraversalCoreProje.csproj", "{56BA56FD-35C6-42FC-9324-97B752F11EEF}"
EndProject
Project("{9A19103F-16F7-4668-BE54-9A1E7A4F7556}") = "EntityLayer", "EntityLayer\EntityLayer.csproj", "{F36837F0-BB0D-4B99-B6ED-2C3750A92F86}"
EndProject
Project("{9A19103F-16F7-4668-BE54-9A1E7A4F7556}") = "DataAccessLayer", "DataAccessLayer\DataAccessLayer.csproj", "{68D62B17-7481-4C5E-9A4A-3BC957B0C744}"
EndProject
Project("{9A19103F-16F7-4668-BE54-9A1E7A4F7556}") = "BusinessLayer", "BusinessLayer\BusinessLayer.csproj", "{476DE31D-A72C-4832-BBC8-74339673FD58}"
EndProject
Project("{FAE04EC0-301F-11D3-BF4B-00C04F79EFBC}") = "DTOLayer", "DTOLayer\DTOLayer.csproj", "{81DF2C49-26C5-4A55-89D3-A39A8C8A0E0C}"
EndProject
Project("{FAE04EC0-301F-11D3-BF4B-00C04F79EFBC}") = "TraversalApiProject", "TraversalApiProject\TraversalApiProject.csproj", "{5BFC4F44-EACB-4154-8837-C9EC2D10C78E}"
EndProject
Global
	GlobalSection(SolutionConfigurationPlatforms) = preSolution
		Debug|Any CPU = Debug|Any CPU
		Release|Any CPU = Release|Any CPU
	EndGlobalSection
	GlobalSection(ProjectConfigurationPlatforms) = postSolution
		{56BA56FD-35C6-42FC-9324-97B752F11EEF}.Debug|Any CPU.ActiveCfg = Debug|Any CPU
		{56BA56FD-35C6-42FC-9324-97B752F11EEF}.Debug|Any CPU.Build.0 = Debug|Any CPU
		{56BA56FD-35C6-42FC-9324-97B752F11EEF}.Release|Any CPU.ActiveCfg = Release|Any CPU
		{56BA56FD-35C6-42FC-9324-97B752F11EEF}.Release|Any CPU.Build.0 = Release|Any CPU
		{F36837F0-BB0D-4B99-B6ED-2C3750A92F86}.Debug|Any CPU.ActiveCfg = Debug|Any CPU
		{F36837F0-BB0D-4B99-B6ED-2C3750A92F86}.Debug|Any CPU.Build.0 = Debug|Any CPU
		{F36837F0-BB0D-4B99-B6ED-2C3750A92F86}.Release|Any CPU.ActiveCfg = Release|Any CPU
		{F36837F0-BB0D-4B99-B6ED-2C3750A92F86}.Release|Any CPU.Build.0 = Release|Any CPU
		{68D62B17-7481-4C5E-9A4A-3BC957B0C744}.Debug|Any CPU.ActiveCfg = Debug|Any CPU
		{68D62B17-7481-4C5E-9A4A-3BC957B0C744}.Debug|Any CPU.Build.0 = Debug|Any CPU
		{68D62B17-7481-4C5E-9A4A-3BC957B0C744}.Release|Any CPU.ActiveCfg = Release|Any CPU
		{68D62B17-7481-4C5E-9A4A-3BC957B0C744}.Release|Any CPU.Build.0 = Release|Any CPU
		{476DE31D-A72C-4832-BBC8-74339673FD58}.Debug|Any CPU.ActiveCfg = Debug|Any CPU
		{476DE31D-A72C-4832-BBC8-74339673FD58}.Debug|Any CPU.Build.0 = Debug|Any CPU
		{476DE31D-A72C-4832-BBC8-74339673FD58}.Release|Any CPU.ActiveCfg = Release|Any CPU
		{476DE31D-A72C-4832-BBC8-74339673FD58}.Release|Any CPU.Build.0 = Release|Any CPU
		{81DF2C49-26C5-4A55-89D3-A39A8C8A0E0C}.Debug|Any CPU.ActiveCfg = Debug|Any CPU
		{81DF2C49-26C5-4A55-89D3-A39A8C8A0E0C}.Debug|Any CPU.Build.0 = Debug|Any CPU
		{81DF2C49-26C5-4A55-89D3-A39A8C8A0E0C}.Release|Any CPU.ActiveCfg = Release|Any CPU
		{81DF2C49-26C5-4A55-89D3-A39A8C8A0E0C}.Release|Any CPU.Build.0 = Release|Any CPU
		{5BFC4F44-EACB-4154-8837-C9EC2D10C78E}.Debug|Any CPU.ActiveCfg = Debug|Any CPU
		{5BFC4F44-EACB-4154-8837-C9EC2D10C78E}.Debug|Any CPU.Build.0 = Debug|Any CPU
		{5BFC4F44-EACB-4154-8837-C9EC2D10C78E}.Release|Any CPU.ActiveCfg = Release|Any CPU
		{5BFC4F44-EACB-4154-8837-C9EC2D10C78E}.Release|Any CPU.Build.0 = Release|Any CPU
	EndGlobalSection
	GlobalSection(SolutionProperties) = preSolution
		HideSolutionNode = FALSE
	EndGlobalSection
	GlobalSection(ExtensibilityGlobals) = postSolution
		SolutionGuid = {FF19550F-D0C7-4C12-9B5C-BA089B5F005D}
	EndGlobalSection
EndGlobal
